
Microsoft Visual Studio Solution File, Format Version 12.00
# Visual Studio Version 16
VisualStudioVersion = 16.0.31112.23
MinimumVisualStudioVersion = 10.0.40219.1
Project("{FAE04EC0-301F-11D3-BF4B-00C04F79EFBC}") = "ConsoleApp1", "ConsoleApp1\ConsoleApp1.csproj", "{3A6912EF-D6C7-4037-922B-C67CB5E26C7F}"
EndProject
Project("{FAE04EC0-301F-11D3-BF4B-00C04F79EFBC}") = "ConsoleApp2", "ConsoleApp2\ConsoleApp2.csproj", "{B98AC7DD-DF97-4AC4-8921-8546F3FAF4F3}"
EndProject
Global
	GlobalSection(SolutionConfigurationPlatforms) = preSolution
		Debug|Any CPU = Debug|Any CPU
		Release|Any CPU = Release|Any CPU
	EndGlobalSection
	GlobalSection(ProjectConfigurationPlatforms) = postSolution
		{3A6912EF-D6C7-4037-922B-C67CB5E26C7F}.Debug|Any CPU.ActiveCfg = Debug|Any CPU
		{3A6912EF-D6C7-4037-922B-C67CB5E26C7F}.Debug|Any CPU.Build.0 = Debug|Any CPU
		{3A6912EF-D6C7-4037-922B-C67CB5E26C7F}.Release|Any CPU.ActiveCfg = Release|Any CPU
		{3A6912EF-D6C7-4037-922B-C67CB5E26C7F}.Release|Any CPU.Build.0 = Release|Any CPU
		{B98AC7DD-DF97-4AC4-8921-8546F3FAF4F3}.Debug|Any CPU.ActiveCfg = Debug|Any CPU
		{B98AC7DD-DF97-4AC4-8921-8546F3FAF4F3}.Debug|Any CPU.Build.0 = Debug|Any CPU
		{B98AC7DD-DF97-4AC4-8921-8546F3FAF4F3}.Release|Any CPU.ActiveCfg = Release|Any CPU
		{B98AC7DD-DF97-4AC4-8921-8546F3FAF4F3}.Release|Any CPU.Build.0 = Release|Any CPU
	EndGlobalSection
	GlobalSection(SolutionProperties) = preSolution
		HideSolutionNode = FALSE
	EndGlobalSection
	GlobalSection(ExtensibilityGlobals) = postSolution
		SolutionGuid = {9A8A6574-0CD7-44A8-A91B-A2D30B10A922}
	EndGlobalSection
EndGlobal
