
Microsoft Visual Studio Solution File, Format Version 12.00
# Visual Studio Version 16
VisualStudioVersion = 16.0.31019.35
MinimumVisualStudioVersion = 10.0.40219.1
Project("{FAE04EC0-301F-11D3-BF4B-00C04F79EFBC}") = "Inheritance", "Inheritance\Inheritance.csproj", "{841785A4-BCA3-43BF-8E6F-0B875E9337D3}"
EndProject
Project("{FAE04EC0-301F-11D3-BF4B-00C04F79EFBC}") = "Polymorphism", "Polymorphism\Polymorphism.csproj", "{AFC17906-D7ED-4EEC-9611-E9351C84DBAC}"
EndProject
Global
	GlobalSection(SolutionConfigurationPlatforms) = preSolution
		Debug|Any CPU = Debug|Any CPU
		Release|Any CPU = Release|Any CPU
	EndGlobalSection
	GlobalSection(ProjectConfigurationPlatforms) = postSolution
		{841785A4-BCA3-43BF-8E6F-0B875E9337D3}.Debug|Any CPU.ActiveCfg = Debug|Any CPU
		{841785A4-BCA3-43BF-8E6F-0B875E9337D3}.Debug|Any CPU.Build.0 = Debug|Any CPU
		{841785A4-BCA3-43BF-8E6F-0B875E9337D3}.Release|Any CPU.ActiveCfg = Release|Any CPU
		{841785A4-BCA3-43BF-8E6F-0B875E9337D3}.Release|Any CPU.Build.0 = Release|Any CPU
		{AFC17906-D7ED-4EEC-9611-E9351C84DBAC}.Debug|Any CPU.ActiveCfg = Debug|Any CPU
		{AFC17906-D7ED-4EEC-9611-E9351C84DBAC}.Debug|Any CPU.Build.0 = Debug|Any CPU
		{AFC17906-D7ED-4EEC-9611-E9351C84DBAC}.Release|Any CPU.ActiveCfg = Release|Any CPU
		{AFC17906-D7ED-4EEC-9611-E9351C84DBAC}.Release|Any CPU.Build.0 = Release|Any CPU
	EndGlobalSection
	GlobalSection(SolutionProperties) = preSolution
		HideSolutionNode = FALSE
	EndGlobalSection
	GlobalSection(ExtensibilityGlobals) = postSolution
		SolutionGuid = {E022EBF6-AAC7-4A11-BEE3-7D042D7619BD}
	EndGlobalSection
EndGlobal
