
Microsoft Visual Studio Solution File, Format Version 12.00
# Visual Studio Version 16
VisualStudioVersion = 16.0.31019.35
MinimumVisualStudioVersion = 10.0.40219.1
Project("{FAE04EC0-301F-11D3-BF4B-00C04F79EFBC}") = "Que", "Que\Que.csproj", "{A60C1110-D80E-4582-B7E9-A912A5594CCD}"
EndProject
Project("{FAE04EC0-301F-11D3-BF4B-00C04F79EFBC}") = "Que2", "..\Que2\Que2.csproj", "{44311101-630C-4638-93D3-24753DDC4E86}"
EndProject
Global
	GlobalSection(SolutionConfigurationPlatforms) = preSolution
		Debug|Any CPU = Debug|Any CPU
		Release|Any CPU = Release|Any CPU
	EndGlobalSection
	GlobalSection(ProjectConfigurationPlatforms) = postSolution
		{A60C1110-D80E-4582-B7E9-A912A5594CCD}.Debug|Any CPU.ActiveCfg = Debug|Any CPU
		{A60C1110-D80E-4582-B7E9-A912A5594CCD}.Debug|Any CPU.Build.0 = Debug|Any CPU
		{A60C1110-D80E-4582-B7E9-A912A5594CCD}.Release|Any CPU.ActiveCfg = Release|Any CPU
		{A60C1110-D80E-4582-B7E9-A912A5594CCD}.Release|Any CPU.Build.0 = Release|Any CPU
		{44311101-630C-4638-93D3-24753DDC4E86}.Debug|Any CPU.ActiveCfg = Debug|Any CPU
		{44311101-630C-4638-93D3-24753DDC4E86}.Debug|Any CPU.Build.0 = Debug|Any CPU
		{44311101-630C-4638-93D3-24753DDC4E86}.Release|Any CPU.ActiveCfg = Release|Any CPU
		{44311101-630C-4638-93D3-24753DDC4E86}.Release|Any CPU.Build.0 = Release|Any CPU
	EndGlobalSection
	GlobalSection(SolutionProperties) = preSolution
		HideSolutionNode = FALSE
	EndGlobalSection
	GlobalSection(ExtensibilityGlobals) = postSolution
		SolutionGuid = {AD9C6C30-2F48-43FA-9C4B-D7B0C57643B4}
	EndGlobalSection
EndGlobal
