
Microsoft Visual Studio Solution File, Format Version 12.00
# Visual Studio Version 16
VisualStudioVersion = 16.0.31019.35
MinimumVisualStudioVersion = 10.0.40219.1
Project("{FAE04EC0-301F-11D3-BF4B-00C04F79EFBC}") = "HT1", "HT1\HT1.csproj", "{4518F8D0-3590-45AC-9306-A431146C7E1A}"
EndProject
Project("{FAE04EC0-301F-11D3-BF4B-00C04F79EFBC}") = "HT2", "..\HT2\HT2.csproj", "{551ED6FB-8513-470D-B090-FB33FE70AF1C}"
EndProject
Global
	GlobalSection(SolutionConfigurationPlatforms) = preSolution
		Debug|Any CPU = Debug|Any CPU
		Release|Any CPU = Release|Any CPU
	EndGlobalSection
	GlobalSection(ProjectConfigurationPlatforms) = postSolution
		{4518F8D0-3590-45AC-9306-A431146C7E1A}.Debug|Any CPU.ActiveCfg = Debug|Any CPU
		{4518F8D0-3590-45AC-9306-A431146C7E1A}.Debug|Any CPU.Build.0 = Debug|Any CPU
		{4518F8D0-3590-45AC-9306-A431146C7E1A}.Release|Any CPU.ActiveCfg = Release|Any CPU
		{4518F8D0-3590-45AC-9306-A431146C7E1A}.Release|Any CPU.Build.0 = Release|Any CPU
		{551ED6FB-8513-470D-B090-FB33FE70AF1C}.Debug|Any CPU.ActiveCfg = Debug|Any CPU
		{551ED6FB-8513-470D-B090-FB33FE70AF1C}.Debug|Any CPU.Build.0 = Debug|Any CPU
		{551ED6FB-8513-470D-B090-FB33FE70AF1C}.Release|Any CPU.ActiveCfg = Release|Any CPU
		{551ED6FB-8513-470D-B090-FB33FE70AF1C}.Release|Any CPU.Build.0 = Release|Any CPU
	EndGlobalSection
	GlobalSection(SolutionProperties) = preSolution
		HideSolutionNode = FALSE
	EndGlobalSection
	GlobalSection(ExtensibilityGlobals) = postSolution
		SolutionGuid = {B16E4BEC-C6A7-471C-A2E8-362677203FF2}
	EndGlobalSection
EndGlobal
