
Microsoft Visual Studio Solution File, Format Version 12.00
# Visual Studio Version 16
VisualStudioVersion = 16.0.31019.35
MinimumVisualStudioVersion = 10.0.40219.1
Project("{FAE04EC0-301F-11D3-BF4B-00C04F79EFBC}") = "DFD", "DFD\DFD.csproj", "{C25BCD05-C848-480E-BF6A-833A956A990D}"
EndProject
Global
	GlobalSection(SolutionConfigurationPlatforms) = preSolution
		Debug|Any CPU = Debug|Any CPU
		Release|Any CPU = Release|Any CPU
	EndGlobalSection
	GlobalSection(ProjectConfigurationPlatforms) = postSolution
		{C25BCD05-C848-480E-BF6A-833A956A990D}.Debug|Any CPU.ActiveCfg = Debug|Any CPU
		{C25BCD05-C848-480E-BF6A-833A956A990D}.Debug|Any CPU.Build.0 = Debug|Any CPU
		{C25BCD05-C848-480E-BF6A-833A956A990D}.Release|Any CPU.ActiveCfg = Release|Any CPU
		{C25BCD05-C848-480E-BF6A-833A956A990D}.Release|Any CPU.Build.0 = Release|Any CPU
	EndGlobalSection
	GlobalSection(SolutionProperties) = preSolution
		HideSolutionNode = FALSE
	EndGlobalSection
	GlobalSection(ExtensibilityGlobals) = postSolution
		SolutionGuid = {E27DD896-2717-42BA-A561-DDEBA37B2169}
	EndGlobalSection
EndGlobal
