
Microsoft Visual Studio Solution File, Format Version 12.00
# Visual Studio Version 16
VisualStudioVersion = 16.0.31019.35
MinimumVisualStudioVersion = 10.0.40219.1
Project("{FAE04EC0-301F-11D3-BF4B-00C04F79EFBC}") = "Al", "Al\Al.csproj", "{8A4C982A-B075-4939-94A2-21FA9E8D5440}"
EndProject
Project("{FAE04EC0-301F-11D3-BF4B-00C04F79EFBC}") = "ArraysL", "..\ArraysL\ArraysL.csproj", "{759E99DE-3E54-4059-A9A1-2F79D11D0C7A}"
EndProject
Global
	GlobalSection(SolutionConfigurationPlatforms) = preSolution
		Debug|Any CPU = Debug|Any CPU
		Release|Any CPU = Release|Any CPU
	EndGlobalSection
	GlobalSection(ProjectConfigurationPlatforms) = postSolution
		{8A4C982A-B075-4939-94A2-21FA9E8D5440}.Debug|Any CPU.ActiveCfg = Debug|Any CPU
		{8A4C982A-B075-4939-94A2-21FA9E8D5440}.Debug|Any CPU.Build.0 = Debug|Any CPU
		{8A4C982A-B075-4939-94A2-21FA9E8D5440}.Release|Any CPU.ActiveCfg = Release|Any CPU
		{8A4C982A-B075-4939-94A2-21FA9E8D5440}.Release|Any CPU.Build.0 = Release|Any CPU
		{759E99DE-3E54-4059-A9A1-2F79D11D0C7A}.Debug|Any CPU.ActiveCfg = Debug|Any CPU
		{759E99DE-3E54-4059-A9A1-2F79D11D0C7A}.Debug|Any CPU.Build.0 = Debug|Any CPU
		{759E99DE-3E54-4059-A9A1-2F79D11D0C7A}.Release|Any CPU.ActiveCfg = Release|Any CPU
		{759E99DE-3E54-4059-A9A1-2F79D11D0C7A}.Release|Any CPU.Build.0 = Release|Any CPU
	EndGlobalSection
	GlobalSection(SolutionProperties) = preSolution
		HideSolutionNode = FALSE
	EndGlobalSection
	GlobalSection(ExtensibilityGlobals) = postSolution
		SolutionGuid = {768817DE-3479-4045-B445-0BA5A1EB8A7E}
	EndGlobalSection
EndGlobal
