
Microsoft Visual Studio Solution File, Format Version 12.00
# Visual Studio Version 16
VisualStudioVersion = 16.0.31019.35
MinimumVisualStudioVersion = 10.0.40219.1
Project("{FAE04EC0-301F-11D3-BF4B-00C04F79EFBC}") = "If_statement", "If_statement\If_statement.csproj", "{23414A8A-DAA6-47DF-A3C9-32AA59817E93}"
EndProject
Project("{FAE04EC0-301F-11D3-BF4B-00C04F79EFBC}") = "while loop", "while loop\while loop.csproj", "{849D0884-889B-42A6-AD74-EF5D8E399603}"
EndProject
Global
	GlobalSection(SolutionConfigurationPlatforms) = preSolution
		Debug|Any CPU = Debug|Any CPU
		Release|Any CPU = Release|Any CPU
	EndGlobalSection
	GlobalSection(ProjectConfigurationPlatforms) = postSolution
		{23414A8A-DAA6-47DF-A3C9-32AA59817E93}.Debug|Any CPU.ActiveCfg = Debug|Any CPU
		{23414A8A-DAA6-47DF-A3C9-32AA59817E93}.Debug|Any CPU.Build.0 = Debug|Any CPU
		{23414A8A-DAA6-47DF-A3C9-32AA59817E93}.Release|Any CPU.ActiveCfg = Release|Any CPU
		{23414A8A-DAA6-47DF-A3C9-32AA59817E93}.Release|Any CPU.Build.0 = Release|Any CPU
		{849D0884-889B-42A6-AD74-EF5D8E399603}.Debug|Any CPU.ActiveCfg = Debug|Any CPU
		{849D0884-889B-42A6-AD74-EF5D8E399603}.Debug|Any CPU.Build.0 = Debug|Any CPU
		{849D0884-889B-42A6-AD74-EF5D8E399603}.Release|Any CPU.ActiveCfg = Release|Any CPU
		{849D0884-889B-42A6-AD74-EF5D8E399603}.Release|Any CPU.Build.0 = Release|Any CPU
	EndGlobalSection
	GlobalSection(SolutionProperties) = preSolution
		HideSolutionNode = FALSE
	EndGlobalSection
	GlobalSection(ExtensibilityGlobals) = postSolution
		SolutionGuid = {3C8DFB3D-F5C3-47D3-A91C-F959FAEBB7AE}
	EndGlobalSection
EndGlobal
